<Solution>
  <Folder Name="/0 Aspire/">
    <Project Path="src/MafStatefulApi.AppHost/MafStatefulApi.AppHost.csproj" />
    <Project Path="src/MafStatefulApi.ServiceDefaults/MafStatefulApi.ServiceDefaults.csproj" />
  </Folder>
  <Folder Name="/1 API/">
    <Project Path="src/MafStatefulApi.Api/MafStatefulApi.Api.csproj" />
  </Folder>
  <Folder Name="/2 Client/">
    <Project Path="src/MafStatefulApi.Client/MafStatefulApi.Client.csproj" />
  </Folder>
  <Folder Name="/3 Web/">
    <Project Path="src/MafStatefulApi.Web/MafStatefulApi.Web.csproj" />
  </Folder>
</Solution>
